// !$*UTF8*$!
{
	archiveVersion = 1;
	classes = {
	};
	objectVersion = 56;
	objects = {

/* Begin PBXBuildFile section */
		B8241F262987CBF100250862 /* getplus_testApp.swift in Sources */ = {isa = PBXBuildFile; fileRef = B8241F252987CBF100250862 /* getplus_testApp.swift */; };
		B8241F2A2987CBF300250862 /* Assets.xcassets in Resources */ = {isa = PBXBuildFile; fileRef = B8241F292987CBF300250862 /* Assets.xcassets */; };
		B8241F2D2987CBF300250862 /* Preview Assets.xcassets in Resources */ = {isa = PBXBuildFile; fileRef = B8241F2C2987CBF300250862 /* Preview Assets.xcassets */; };
		B8241F372987D3FB00250862 /* HomeView.swift in Sources */ = {isa = PBXBuildFile; fileRef = B8241F362987D3FB00250862 /* HomeView.swift */; };
		B8241F542988E9B500250862 /* HomeModel.swift in Sources */ = {isa = PBXBuildFile; fileRef = B8241F532988E9B500250862 /* HomeModel.swift */; };
		B8241F562988EA9100250862 /* HomeViewModel.swift in Sources */ = {isa = PBXBuildFile; fileRef = B8241F552988EA9100250862 /* HomeViewModel.swift */; };
		B8969E20298A7D9F0023D681 /* MerchantsView.swift in Sources */ = {isa = PBXBuildFile; fileRef = B8969E1F298A7D9F0023D681 /* MerchantsView.swift */; };
		B8969E22298A82230023D681 /* MerchantsViewModel.swift in Sources */ = {isa = PBXBuildFile; fileRef = B8969E21298A82230023D681 /* MerchantsViewModel.swift */; };
		B8969E24298A82520023D681 /* MerchantsModel.swift in Sources */ = {isa = PBXBuildFile; fileRef = B8969E23298A82520023D681 /* MerchantsModel.swift */; };
		B8969E26298AB0810023D681 /* VouchersModel.swift in Sources */ = {isa = PBXBuildFile; fileRef = B8969E25298AB0810023D681 /* VouchersModel.swift */; };
		B8969E28298AB3F40023D681 /* VouchersView.swift in Sources */ = {isa = PBXBuildFile; fileRef = B8969E27298AB3F40023D681 /* VouchersView.swift */; };
		B8969E2A298AB4590023D681 /* VouchersViewModel.swift in Sources */ = {isa = PBXBuildFile; fileRef = B8969E29298AB4590023D681 /* VouchersViewModel.swift */; };
		B8969E2D298B592A0023D681 /* WebView.swift in Sources */ = {isa = PBXBuildFile; fileRef = B8969E2C298B592A0023D681 /* WebView.swift */; };
		B8969E2F298B5BCE0023D681 /* PromoView.swift in Sources */ = {isa = PBXBuildFile; fileRef = B8969E2E298B5BCE0023D681 /* PromoView.swift */; };
/* End PBXBuildFile section */

/* Begin PBXFileReference section */
		B8241F222987CBF100250862 /* getplus test.app */ = {isa = PBXFileReference; explicitFileType = wrapper.application; includeInIndex = 0; path = "getplus test.app"; sourceTree = BUILT_PRODUCTS_DIR; };
		B8241F252987CBF100250862 /* getplus_testApp.swift */ = {isa = PBXFileReference; lastKnownFileType = sourcecode.swift; path = getplus_testApp.swift; sourceTree = "<group>"; };
		B8241F292987CBF300250862 /* Assets.xcassets */ = {isa = PBXFileReference; lastKnownFileType = folder.assetcatalog; path = Assets.xcassets; sourceTree = "<group>"; };
		B8241F2C2987CBF300250862 /* Preview Assets.xcassets */ = {isa = PBXFileReference; lastKnownFileType = folder.assetcatalog; path = "Preview Assets.xcassets"; sourceTree = "<group>"; };
		B8241F362987D3FB00250862 /* HomeView.swift */ = {isa = PBXFileReference; lastKnownFileType = sourcecode.swift; path = HomeView.swift; sourceTree = "<group>"; };
		B8241F532988E9B500250862 /* HomeModel.swift */ = {isa = PBXFileReference; lastKnownFileType = sourcecode.swift; path = HomeModel.swift; sourceTree = "<group>"; };
		B8241F552988EA9100250862 /* HomeViewModel.swift */ = {isa = PBXFileReference; lastKnownFileType = sourcecode.swift; path = HomeViewModel.swift; sourceTree = "<group>"; };
		B8969E1F298A7D9F0023D681 /* MerchantsView.swift */ = {isa = PBXFileReference; lastKnownFileType = sourcecode.swift; path = MerchantsView.swift; sourceTree = "<group>"; };
		B8969E21298A82230023D681 /* MerchantsViewModel.swift */ = {isa = PBXFileReference; lastKnownFileType = sourcecode.swift; path = MerchantsViewModel.swift; sourceTree = "<group>"; };
		B8969E23298A82520023D681 /* MerchantsModel.swift */ = {isa = PBXFileReference; lastKnownFileType = sourcecode.swift; path = MerchantsModel.swift; sourceTree = "<group>"; };
		B8969E25298AB0810023D681 /* VouchersModel.swift */ = {isa = PBXFileReference; lastKnownFileType = sourcecode.swift; path = VouchersModel.swift; sourceTree = "<group>"; };
		B8969E27298AB3F40023D681 /* VouchersView.swift */ = {isa = PBXFileReference; lastKnownFileType = sourcecode.swift; path = VouchersView.swift; sourceTree = "<group>"; };
		B8969E29298AB4590023D681 /* VouchersViewModel.swift */ = {isa = PBXFileReference; lastKnownFileType = sourcecode.swift; path = VouchersViewModel.swift; sourceTree = "<group>"; };
		B8969E2C298B592A0023D681 /* WebView.swift */ = {isa = PBXFileReference; lastKnownFileType = sourcecode.swift; path = WebView.swift; sourceTree = "<group>"; };
		B8969E2E298B5BCE0023D681 /* PromoView.swift */ = {isa = PBXFileReference; lastKnownFileType = sourcecode.swift; path = PromoView.swift; sourceTree = "<group>"; };
/* End PBXFileReference section */

/* Begin PBXFrameworksBuildPhase section */
		B8241F1F2987CBF100250862 /* Frameworks */ = {
			isa = PBXFrameworksBuildPhase;
			buildActionMask = 2147483647;
			files = (
			);
			runOnlyForDeploymentPostprocessing = 0;
		};
/* End PBXFrameworksBuildPhase section */

/* Begin PBXGroup section */
		B8241F192987CBF100250862 = {
			isa = PBXGroup;
			children = (
				B8241F242987CBF100250862 /* getplus test */,
				B8241F232987CBF100250862 /* Products */,
			);
			sourceTree = "<group>";
		};
		B8241F232987CBF100250862 /* Products */ = {
			isa = PBXGroup;
			children = (
				B8241F222987CBF100250862 /* getplus test.app */,
			);
			name = Products;
			sourceTree = "<group>";
		};
		B8241F242987CBF100250862 /* getplus test */ = {
			isa = PBXGroup;
			children = (
				B8969E2B298B59150023D681 /* Utils */,
				B8241F332987D33200250862 /* Model */,
				B8241F342987D33C00250862 /* View */,
				B8241F352987D34800250862 /* ViewModel */,
				B8241F252987CBF100250862 /* getplus_testApp.swift */,
				B8241F292987CBF300250862 /* Assets.xcassets */,
				B8241F2B2987CBF300250862 /* Preview Content */,
			);
			path = "getplus test";
			sourceTree = "<group>";
		};
		B8241F2B2987CBF300250862 /* Preview Content */ = {
			isa = PBXGroup;
			children = (
				B8241F2C2987CBF300250862 /* Preview Assets.xcassets */,
			);
			path = "Preview Content";
			sourceTree = "<group>";
		};
		B8241F332987D33200250862 /* Model */ = {
			isa = PBXGroup;
			children = (
				B8241F532988E9B500250862 /* HomeModel.swift */,
				B8969E23298A82520023D681 /* MerchantsModel.swift */,
				B8969E25298AB0810023D681 /* VouchersModel.swift */,
			);
			path = Model;
			sourceTree = "<group>";
		};
		B8241F342987D33C00250862 /* View */ = {
			isa = PBXGroup;
			children = (
				B8241F362987D3FB00250862 /* HomeView.swift */,
				B8969E1F298A7D9F0023D681 /* MerchantsView.swift */,
				B8969E27298AB3F40023D681 /* VouchersView.swift */,
				B8969E2E298B5BCE0023D681 /* PromoView.swift */,
			);
			path = View;
			sourceTree = "<group>";
		};
		B8241F352987D34800250862 /* ViewModel */ = {
			isa = PBXGroup;
			children = (
				B8241F552988EA9100250862 /* HomeViewModel.swift */,
				B8969E21298A82230023D681 /* MerchantsViewModel.swift */,
				B8969E29298AB4590023D681 /* VouchersViewModel.swift */,
			);
			path = ViewModel;
			sourceTree = "<group>";
		};
		B8969E2B298B59150023D681 /* Utils */ = {
			isa = PBXGroup;
			children = (
				B8969E2C298B592A0023D681 /* WebView.swift */,
			);
			path = Utils;
			sourceTree = "<group>";
		};
/* End PBXGroup section */

/* Begin PBXNativeTarget section */
		B8241F212987CBF100250862 /* getplus test */ = {
			isa = PBXNativeTarget;
			buildConfigurationList = B8241F302987CBF300250862 /* Build configuration list for PBXNativeTarget "getplus test" */;
			buildPhases = (
				B8241F1E2987CBF100250862 /* Sources */,
				B8241F1F2987CBF100250862 /* Frameworks */,
				B8241F202987CBF100250862 /* Resources */,
			);
			buildRules = (
			);
			dependencies = (
			);
			name = "getplus test";
			productName = "getplus test";
			productReference = B8241F222987CBF100250862 /* getplus test.app */;
			productType = "com.apple.product-type.application";
		};
/* End PBXNativeTarget section */

/* Begin PBXProject section */
		B8241F1A2987CBF100250862 /* Project object */ = {
			isa = PBXProject;
			attributes = {
				BuildIndependentTargetsInParallel = 1;
				LastSwiftUpdateCheck = 1410;
				LastUpgradeCheck = 1410;
				TargetAttributes = {
					B8241F212987CBF100250862 = {
						CreatedOnToolsVersion = 14.1;
					};
				};
			};
			buildConfigurationList = B8241F1D2987CBF100250862 /* Build configuration list for PBXProject "getplus test" */;
			compatibilityVersion = "Xcode 14.0";
			developmentRegion = en;
			hasScannedForEncodings = 0;
			knownRegions = (
				en,
				Base,
			);
			mainGroup = B8241F192987CBF100250862;
			productRefGroup = B8241F232987CBF100250862 /* Products */;
			projectDirPath = "";
			projectRoot = "";
			targets = (
				B8241F212987CBF100250862 /* getplus test */,
			);
		};
/* End PBXProject section */

/* Begin PBXResourcesBuildPhase section */
		B8241F202987CBF100250862 /* Resources */ = {
			isa = PBXResourcesBuildPhase;
			buildActionMask = 2147483647;
			files = (
				B8241F2D2987CBF300250862 /* Preview Assets.xcassets in Resources */,
				B8241F2A2987CBF300250862 /* Assets.xcassets in Resources */,
			);
			runOnlyForDeploymentPostprocessing = 0;
		};
/* End PBXResourcesBuildPhase section */

/* Begin PBXSourcesBuildPhase section */
		B8241F1E2987CBF100250862 /* Sources */ = {
			isa = PBXSourcesBuildPhase;
			buildActionMask = 2147483647;
			files = (
				B8241F542988E9B500250862 /* HomeModel.swift in Sources */,
				B8241F372987D3FB00250862 /* HomeView.swift in Sources */,
				B8969E22298A82230023D681 /* MerchantsViewModel.swift in Sources */,
				B8969E28298AB3F40023D681 /* VouchersView.swift in Sources */,
				B8241F562988EA9100250862 /* HomeViewModel.swift in Sources */,
				B8969E2A298AB4590023D681 /* VouchersViewModel.swift in Sources */,
				B8969E2F298B5BCE0023D681 /* PromoView.swift in Sources */,
				B8969E24298A82520023D681 /* MerchantsModel.swift in Sources */,
				B8241F262987CBF100250862 /* getplus_testApp.swift in Sources */,
				B8969E26298AB0810023D681 /* VouchersModel.swift in Sources */,
				B8969E20298A7D9F0023D681 /* MerchantsView.swift in Sources */,
				B8969E2D298B592A0023D681 /* WebView.swift in Sources */,
			);
			runOnlyForDeploymentPostprocessing = 0;
		};
/* End PBXSourcesBuildPhase section */

/* Begin XCBuildConfiguration section */
		B8241F2E2987CBF300250862 /* Debug */ = {
			isa = XCBuildConfiguration;
			buildSettings = {
				ALWAYS_SEARCH_USER_PATHS = NO;
				CLANG_ANALYZER_NONNULL = YES;
				CLANG_ANALYZER_NUMBER_OBJECT_CONVERSION = YES_AGGRESSIVE;
				CLANG_CXX_LANGUAGE_STANDARD = "gnu++20";
				CLANG_ENABLE_MODULES = YES;
				CLANG_ENABLE_OBJC_ARC = YES;
				CLANG_ENABLE_OBJC_WEAK = YES;
				CLANG_WARN_BLOCK_CAPTURE_AUTORELEASING = YES;
				CLANG_WARN_BOOL_CONVERSION = YES;
				CLANG_WARN_COMMA = YES;
				CLANG_WARN_CONSTANT_CONVERSION = YES;
				CLANG_WARN_DEPRECATED_OBJC_IMPLEMENTATIONS = YES;
				CLANG_WARN_DIRECT_OBJC_ISA_USAGE = YES_ERROR;
				CLANG_WARN_DOCUMENTATION_COMMENTS = YES;
				CLANG_WARN_EMPTY_BODY = YES;
				CLANG_WARN_ENUM_CONVERSION = YES;
				CLANG_WARN_INFINITE_RECURSION = YES;
				CLANG_WARN_INT_CONVERSION = YES;
				CLANG_WARN_NON_LITERAL_NULL_CONVERSION = YES;
				CLANG_WARN_OBJC_IMPLICIT_RETAIN_SELF = YES;
				CLANG_WARN_OBJC_LITERAL_CONVERSION = YES;
				CLANG_WARN_OBJC_ROOT_CLASS = YES_ERROR;
				CLANG_WARN_QUOTED_INCLUDE_IN_FRAMEWORK_HEADER = YES;
				CLANG_WARN_RANGE_LOOP_ANALYSIS = YES;
				CLANG_WARN_STRICT_PROTOTYPES = YES;
				CLANG_WARN_SUSPICIOUS_MOVE = YES;
				CLANG_WARN_UNGUARDED_AVAILABILITY = YES_AGGRESSIVE;
				CLANG_WARN_UNREACHABLE_CODE = YES;
				CLANG_WARN__DUPLICATE_METHOD_MATCH = YES;
				COPY_PHASE_STRIP = NO;
				DEBUG_INFORMATION_FORMAT = dwarf;
				ENABLE_STRICT_OBJC_MSGSEND = YES;
				ENABLE_TESTABILITY = YES;
				GCC_C_LANGUAGE_STANDARD = gnu11;
				GCC_DYNAMIC_NO_PIC = NO;
				GCC_NO_COMMON_BLOCKS = YES;
				GCC_OPTIMIZATION_LEVEL = 0;
				GCC_PREPROCESSOR_DEFINITIONS = (
					"DEBUG=1",
					"$(inherited)",
				);
				GCC_WARN_64_TO_32_BIT_CONVERSION = YES;
				GCC_WARN_ABOUT_RETURN_TYPE = YES_ERROR;
				GCC_WARN_UNDECLARED_SELECTOR = YES;
				GCC_WARN_UNINITIALIZED_AUTOS = YES_AGGRESSIVE;
				GCC_WARN_UNUSED_FUNCTION = YES;
				GCC_WARN_UNUSED_VARIABLE = YES;
				IPHONEOS_DEPLOYMENT_TARGET = 16.1;
				MTL_ENABLE_DEBUG_INFO = INCLUDE_SOURCE;
				MTL_FAST_MATH = YES;
				ONLY_ACTIVE_ARCH = YES;
				SDKROOT = iphoneos;
				SWIFT_ACTIVE_COMPILATION_CONDITIONS = DEBUG;
				SWIFT_OPTIMIZATION_LEVEL = "-Onone";
			};
			name = Debug;
		};
		B8241F2F2987CBF300250862 /* Release */ = {
			isa = XCBuildConfiguration;
			buildSettings = {
				ALWAYS_SEARCH_USER_PATHS = NO;
				CLANG_ANALYZER_NONNULL = YES;
				CLANG_ANALYZER_NUMBER_OBJECT_CONVERSION = YES_AGGRESSIVE;
				CLANG_CXX_LANGUAGE_STANDARD = "gnu++20";
				CLANG_ENABLE_MODULES = YES;
				CLANG_ENABLE_OBJC_ARC = YES;
				CLANG_ENABLE_OBJC_WEAK = YES;
				CLANG_WARN_BLOCK_CAPTURE_AUTORELEASING = YES;
				CLANG_WARN_BOOL_CONVERSION = YES;
				CLANG_WARN_COMMA = YES;
				CLANG_WARN_CONSTANT_CONVERSION = YES;
				CLANG_WARN_DEPRECATED_OBJC_IMPLEMENTATIONS = YES;
				CLANG_WARN_DIRECT_OBJC_ISA_USAGE = YES_ERROR;
				CLANG_WARN_DOCUMENTATION_COMMENTS = YES;
				CLANG_WARN_EMPTY_BODY = YES;
				CLANG_WARN_ENUM_CONVERSION = YES;
				CLANG_WARN_INFINITE_RECURSION = YES;
				CLANG_WARN_INT_CONVERSION = YES;
				CLANG_WARN_NON_LITERAL_NULL_CONVERSION = YES;
				CLANG_WARN_OBJC_IMPLICIT_RETAIN_SELF = YES;
				CLANG_WARN_OBJC_LITERAL_CONVERSION = YES;
				CLANG_WARN_OBJC_ROOT_CLASS = YES_ERROR;
				CLANG_WARN_QUOTED_INCLUDE_IN_FRAMEWORK_HEADER = YES;
				CLANG_WARN_RANGE_LOOP_ANALYSIS = YES;
				CLANG_WARN_STRICT_PROTOTYPES = YES;
				CLANG_WARN_SUSPICIOUS_MOVE = YES;
				CLANG_WARN_UNGUARDED_AVAILABILITY = YES_AGGRESSIVE;
				CLANG_WARN_UNREACHABLE_CODE = YES;
				CLANG_WARN__DUPLICATE_METHOD_MATCH = YES;
				COPY_PHASE_STRIP = NO;
				DEBUG_INFORMATION_FORMAT = "dwarf-with-dsym";
				ENABLE_NS_ASSERTIONS = NO;
				ENABLE_STRICT_OBJC_MSGSEND = YES;
				GCC_C_LANGUAGE_STANDARD = gnu11;
				GCC_NO_COMMON_BLOCKS = YES;
				GCC_WARN_64_TO_32_BIT_CONVERSION = YES;
				GCC_WARN_ABOUT_RETURN_TYPE = YES_ERROR;
				GCC_WARN_UNDECLARED_SELECTOR = YES;
				GCC_WARN_UNINITIALIZED_AUTOS = YES_AGGRESSIVE;
				GCC_WARN_UNUSED_FUNCTION = YES;
				GCC_WARN_UNUSED_VARIABLE = YES;
				IPHONEOS_DEPLOYMENT_TARGET = 16.1;
				MTL_ENABLE_DEBUG_INFO = NO;
				MTL_FAST_MATH = YES;
				SDKROOT = iphoneos;
				SWIFT_COMPILATION_MODE = wholemodule;
				SWIFT_OPTIMIZATION_LEVEL = "-O";
				VALIDATE_PRODUCT = YES;
			};
			name = Release;
		};
		B8241F312987CBF300250862 /* Debug */ = {
			isa = XCBuildConfiguration;
			buildSettings = {
				ASSETCATALOG_COMPILER_APPICON_NAME = AppIcon;
				ASSETCATALOG_COMPILER_GLOBAL_ACCENT_COLOR_NAME = AccentColor;
				CODE_SIGN_STYLE = Automatic;
				CURRENT_PROJECT_VERSION = 1;
				DEVELOPMENT_ASSET_PATHS = "\"getplus test/Preview Content\"";
				DEVELOPMENT_TEAM = BD34535B6V;
				ENABLE_PREVIEWS = YES;
				GENERATE_INFOPLIST_FILE = YES;
				INFOPLIST_KEY_UIApplicationSceneManifest_Generation = YES;
				INFOPLIST_KEY_UIApplicationSupportsIndirectInputEvents = YES;
				INFOPLIST_KEY_UILaunchScreen_Generation = YES;
				INFOPLIST_KEY_UISupportedInterfaceOrientations_iPad = "UIInterfaceOrientationPortrait UIInterfaceOrientationPortraitUpsideDown UIInterfaceOrientationLandscapeLeft UIInterfaceOrientationLandscapeRight";
				INFOPLIST_KEY_UISupportedInterfaceOrientations_iPhone = "UIInterfaceOrientationPortrait UIInterfaceOrientationLandscapeLeft UIInterfaceOrientationLandscapeRight";
				LD_RUNPATH_SEARCH_PATHS = (
					"$(inherited)",
					"@executable_path/Frameworks",
				);
				MARKETING_VERSION = 1.0;
				PRODUCT_BUNDLE_IDENTIFIER = "grldt.getplus-test";
				PRODUCT_NAME = "$(TARGET_NAME)";
				SWIFT_EMIT_LOC_STRINGS = YES;
				SWIFT_VERSION = 5.0;
				TARGETED_DEVICE_FAMILY = "1,2";
			};
			name = Debug;
		};
		B8241F322987CBF300250862 /* Release */ = {
			isa = XCBuildConfiguration;
			buildSettings = {
				ASSETCATALOG_COMPILER_APPICON_NAME = AppIcon;
				ASSETCATALOG_COMPILER_GLOBAL_ACCENT_COLOR_NAME = AccentColor;
				CODE_SIGN_STYLE = Automatic;
				CURRENT_PROJECT_VERSION = 1;
				DEVELOPMENT_ASSET_PATHS = "\"getplus test/Preview Content\"";
				DEVELOPMENT_TEAM = BD34535B6V;
				ENABLE_PREVIEWS = YES;
				GENERATE_INFOPLIST_FILE = YES;
				INFOPLIST_KEY_UIApplicationSceneManifest_Generation = YES;
				INFOPLIST_KEY_UIApplicationSupportsIndirectInputEvents = YES;
				INFOPLIST_KEY_UILaunchScreen_Generation = YES;
				INFOPLIST_KEY_UISupportedInterfaceOrientations_iPad = "UIInterfaceOrientationPortrait UIInterfaceOrientationPortraitUpsideDown UIInterfaceOrientationLandscapeLeft UIInterfaceOrientationLandscapeRight";
				INFOPLIST_KEY_UISupportedInterfaceOrientations_iPhone = "UIInterfaceOrientationPortrait UIInterfaceOrientationLandscapeLeft UIInterfaceOrientationLandscapeRight";
				LD_RUNPATH_SEARCH_PATHS = (
					"$(inherited)",
					"@executable_path/Frameworks",
				);
				MARKETING_VERSION = 1.0;
				PRODUCT_BUNDLE_IDENTIFIER = "grldt.getplus-test";
				PRODUCT_NAME = "$(TARGET_NAME)";
				SWIFT_EMIT_LOC_STRINGS = YES;
				SWIFT_VERSION = 5.0;
				TARGETED_DEVICE_FAMILY = "1,2";
			};
			name = Release;
		};
/* End XCBuildConfiguration section */

/* Begin XCConfigurationList section */
		B8241F1D2987CBF100250862 /* Build configuration list for PBXProject "getplus test" */ = {
			isa = XCConfigurationList;
			buildConfigurations = (
				B8241F2E2987CBF300250862 /* Debug */,
				B8241F2F2987CBF300250862 /* Release */,
			);
			defaultConfigurationIsVisible = 0;
			defaultConfigurationName = Release;
		};
		B8241F302987CBF300250862 /* Build configuration list for PBXNativeTarget "getplus test" */ = {
			isa = XCConfigurationList;
			buildConfigurations = (
				B8241F312987CBF300250862 /* Debug */,
				B8241F322987CBF300250862 /* Release */,
			);
			defaultConfigurationIsVisible = 0;
			defaultConfigurationName = Release;
		};
/* End XCConfigurationList section */
	};
	rootObject = B8241F1A2987CBF100250862 /* Project object */;
}
